
Microsoft Visual Studio Solution File, Format Version 12.00
# Visual Studio Version 16
VisualStudioVersion = 16.0.29613.14
MinimumVisualStudioVersion = 10.0.40219.1
Project("{FAE04EC0-301F-11D3-BF4B-00C04F79EFBC}") = "Bir_Art_Calc", "Bir_Art_Calc.csproj", "{C89F1873-C276-4358-9439-665541BF2D74}"
EndProject
Global
	GlobalSection(SolutionConfigurationPlatforms) = preSolution
		Debug|Any CPU = Debug|Any CPU
		Release|Any CPU = Release|Any CPU
	EndGlobalSection
	GlobalSection(ProjectConfigurationPlatforms) = postSolution
		{C89F1873-C276-4358-9439-665541BF2D74}.Debug|Any CPU.ActiveCfg = Debug|Any CPU
		{C89F1873-C276-4358-9439-665541BF2D74}.Debug|Any CPU.Build.0 = Debug|Any CPU
		{C89F1873-C276-4358-9439-665541BF2D74}.Release|Any CPU.ActiveCfg = Release|Any CPU
		{C89F1873-C276-4358-9439-665541BF2D74}.Release|Any CPU.Build.0 = Release|Any CPU
	EndGlobalSection
	GlobalSection(SolutionProperties) = preSolution
		HideSolutionNode = FALSE
	EndGlobalSection
	GlobalSection(ExtensibilityGlobals) = postSolution
		SolutionGuid = {84AED816-827D-497E-B5E4-341D25539CDB}
	EndGlobalSection
EndGlobal
